
Microsoft Visual Studio Solution File, Format Version 12.00
# Visual Studio Version 18
VisualStudioVersion = 18.0.11222.15
MinimumVisualStudioVersion = 10.0.40219.1
Project("{FAE04EC0-301F-11D3-BF4B-00C04F79EFBC}") = "WebUI", "WebUI\WebUI.csproj", "{CDF99FAD-1565-496B-8B86-B7D456FA06AA}"
EndProject
Project("{FAE04EC0-301F-11D3-BF4B-00C04F79EFBC}") = "BL", "BL\BL.csproj", "{43297D5A-B78E-45BB-8DEF-E03EC852900D}"
EndProject
Project("{FAE04EC0-301F-11D3-BF4B-00C04F79EFBC}") = "DL", "DL\DL.csproj", "{71F8DAB1-0A8F-42DE-94DA-C80504E42287}"
EndProject
Project("{FAE04EC0-301F-11D3-BF4B-00C04F79EFBC}") = "TrackEngineAPI", "TrackEngineAPI\TrackEngineAPI.csproj", "{1E0A2F25-71BB-4C37-81F4-C9BF59E3B8B3}"
EndProject
Project("{FAE04EC0-301F-11D3-BF4B-00C04F79EFBC}") = "ClientAPI", "ClientAPI\ClientAPI.csproj", "{E2006801-EE4A-4634-88A5-23311E315AA2}"
EndProject
Project("{FAE04EC0-301F-11D3-BF4B-00C04F79EFBC}") = "SOMService", "SOMService\SOMService.csproj", "{0512CCC6-CE6A-4601-ACE9-BFD502391327}"
EndProject
Project("{FAE04EC0-301F-11D3-BF4B-00C04F79EFBC}") = "SOMServiceTest", "SOMServiceTest\SOMServiceTest.csproj", "{DDAC6D0C-1621-4A04-A391-ABD9788BC1EC}"
EndProject
Project("{FAE04EC0-301F-11D3-BF4B-00C04F79EFBC}") = "FetchMailsForNTLIssues", "FetchMailsForNTLIssues\FetchMailsForNTLIssues.csproj", "{29ECDE48-9AD4-4C54-9CDD-57619A3AD872}"
EndProject
Project("{FAE04EC0-301F-11D3-BF4B-00C04F79EFBC}") = "SOMIssueEscalation", "SOMIssueEscalation\SOMIssueEscalation.csproj", "{9D6DE584-C8A4-4B79-801F-37D618310561}"
EndProject
Project("{FAE04EC0-301F-11D3-BF4B-00C04F79EFBC}") = "SOMGeocodeEventLocations", "SOMGeocodeEventLocations\SOMGeocodeEventLocations.csproj", "{68CB6A50-C7C6-4654-B432-A166BF26AC78}"
EndProject
Project("{FAE04EC0-301F-11D3-BF4B-00C04F79EFBC}") = "SOMEmailBot", "SOMEmailBot\SOMEmailBot.csproj", "{084FBC7D-06D8-46F8-BF39-BCFA83C349BB}"
EndProject
Project("{FAE04EC0-301F-11D3-BF4B-00C04F79EFBC}") = "DataAPI", "DataAPI\DataAPI.csproj", "{75ED637B-1EC5-4F07-A4A0-E23F66695EAA}"
EndProject
Project("{FAE04EC0-301F-11D3-BF4B-00C04F79EFBC}") = "ConveyanceConsoleApp", "ConveyanceConsoleApp\ConveyanceConsoleApp.csproj", "{4B8D5E8A-57B3-4D11-8E3B-4609F276477D}"
EndProject
Project("{FAE04EC0-301F-11D3-BF4B-00C04F79EFBC}") = "DataConsumer2", "DataConsumer2\DataConsumer2.csproj", "{F23139DC-ABEB-4553-B9BE-3F8E1C441895}"
EndProject
Project("{FAE04EC0-301F-11D3-BF4B-00C04F79EFBC}") = "DataConsumer3", "DataConsumer3\DataConsumer3.csproj", "{A5727F8E-5C8B-423B-B990-1612FCDC145D}"
EndProject
Project("{FAE04EC0-301F-11D3-BF4B-00C04F79EFBC}") = "InventoryDataConsumer", "InventoryDataConsumer\InventoryDataConsumer.csproj", "{DA8E3716-426B-4220-89E3-6FB65EB5F62B}"
EndProject
Project("{FAE04EC0-301F-11D3-BF4B-00C04F79EFBC}") = "DataConsumer1", "DataConsumer1\DataConsumer1.csproj", "{1FA358D8-0544-4F8B-B459-261FBF977CBB}"
EndProject
Project("{FAE04EC0-301F-11D3-BF4B-00C04F79EFBC}") = "OutlookMailReader", "OutlookMailReader\OutlookMailReader.csproj", "{D1A2AE43-43CE-4296-9E86-D9C767772B4D}"
EndProject
Project("{FAE04EC0-301F-11D3-BF4B-00C04F79EFBC}") = "CreateTicketForAssetPM", "CreateTicketForAssetPM\CreateTicketForAssetPM.csproj", "{445DA1CA-CC34-46A9-A91C-848C12806637}"
EndProject
Project("{FAE04EC0-301F-11D3-BF4B-00C04F79EFBC}") = "YogaEmailNotification", "YogaEmailNotification\YogaEmailNotification.csproj", "{1F47036E-3F5D-4344-8A88-E6AB0D86247A}"
EndProject
Project("{FAE04EC0-301F-11D3-BF4B-00C04F79EFBC}") = "NTLEmailNotification", "NTLEmailNotification\NTLEmailNotification.csproj", "{C0BE246F-3007-4F83-997C-EB1BF004F86D}"
EndProject
Project("{FAE04EC0-301F-11D3-BF4B-00C04F79EFBC}") = "YogaWANotification", "YogaWANotification\YogaWANotification.csproj", "{52AB648A-2E0F-4A84-AC5D-0EDF2FB160AB}"
EndProject
Project("{FAE04EC0-301F-11D3-BF4B-00C04F79EFBC}") = "NTLMailService", "NTLMailService\NTLMailService.csproj", "{226E984B-8337-46FF-A923-D0D0230E7E78}"
EndProject
Project("{FAE04EC0-301F-11D3-BF4B-00C04F79EFBC}") = "PMTicketScheduleNotification", "PMTicketScheduleNotification\PMTicketScheduleNotification.csproj", "{3C892E10-1F2B-46E5-AF68-9E9C2B10E4A0}"
EndProject
Project("{FAE04EC0-301F-11D3-BF4B-00C04F79EFBC}") = "SuperAdminLeadReportMailer", "SuperAdminLeadReportMailer\SuperAdminLeadReportMailer.csproj", "{8E4C2A91-5D37-4B6F-A0C8-3F19D72B6E54}"
EndProject
Global
	GlobalSection(SolutionConfigurationPlatforms) = preSolution
		CD_ROM|Any CPU = CD_ROM|Any CPU
		Debug|Any CPU = Debug|Any CPU
		DVD-5|Any CPU = DVD-5|Any CPU
		Release|Any CPU = Release|Any CPU
		SingleImage|Any CPU = SingleImage|Any CPU
	EndGlobalSection
	GlobalSection(ProjectConfigurationPlatforms) = postSolution
		{CDF99FAD-1565-496B-8B86-B7D456FA06AA}.CD_ROM|Any CPU.ActiveCfg = Release|Any CPU
		{CDF99FAD-1565-496B-8B86-B7D456FA06AA}.CD_ROM|Any CPU.Build.0 = Release|Any CPU
		{CDF99FAD-1565-496B-8B86-B7D456FA06AA}.Debug|Any CPU.ActiveCfg = Release|Any CPU
		{CDF99FAD-1565-496B-8B86-B7D456FA06AA}.Debug|Any CPU.Build.0 = Release|Any CPU
		{CDF99FAD-1565-496B-8B86-B7D456FA06AA}.DVD-5|Any CPU.ActiveCfg = Debug|Any CPU
		{CDF99FAD-1565-496B-8B86-B7D456FA06AA}.DVD-5|Any CPU.Build.0 = Debug|Any CPU
		{CDF99FAD-1565-496B-8B86-B7D456FA06AA}.Release|Any CPU.ActiveCfg = Release|Any CPU
		{CDF99FAD-1565-496B-8B86-B7D456FA06AA}.Release|Any CPU.Build.0 = Release|Any CPU
		{CDF99FAD-1565-496B-8B86-B7D456FA06AA}.SingleImage|Any CPU.ActiveCfg = Release|Any CPU
		{CDF99FAD-1565-496B-8B86-B7D456FA06AA}.SingleImage|Any CPU.Build.0 = Release|Any CPU
		{43297D5A-B78E-45BB-8DEF-E03EC852900D}.CD_ROM|Any CPU.ActiveCfg = Release|Any CPU
		{43297D5A-B78E-45BB-8DEF-E03EC852900D}.CD_ROM|Any CPU.Build.0 = Release|Any CPU
		{43297D5A-B78E-45BB-8DEF-E03EC852900D}.Debug|Any CPU.ActiveCfg = Release|Any CPU
		{43297D5A-B78E-45BB-8DEF-E03EC852900D}.Debug|Any CPU.Build.0 = Release|Any CPU
		{43297D5A-B78E-45BB-8DEF-E03EC852900D}.DVD-5|Any CPU.ActiveCfg = Debug|Any CPU
		{43297D5A-B78E-45BB-8DEF-E03EC852900D}.DVD-5|Any CPU.Build.0 = Debug|Any CPU
		{43297D5A-B78E-45BB-8DEF-E03EC852900D}.Release|Any CPU.ActiveCfg = Release|Any CPU
		{43297D5A-B78E-45BB-8DEF-E03EC852900D}.Release|Any CPU.Build.0 = Release|Any CPU
		{43297D5A-B78E-45BB-8DEF-E03EC852900D}.SingleImage|Any CPU.ActiveCfg = Release|Any CPU
		{43297D5A-B78E-45BB-8DEF-E03EC852900D}.SingleImage|Any CPU.Build.0 = Release|Any CPU
		{71F8DAB1-0A8F-42DE-94DA-C80504E42287}.CD_ROM|Any CPU.ActiveCfg = Release|Any CPU
		{71F8DAB1-0A8F-42DE-94DA-C80504E42287}.CD_ROM|Any CPU.Build.0 = Release|Any CPU
		{71F8DAB1-0A8F-42DE-94DA-C80504E42287}.Debug|Any CPU.ActiveCfg = Debug|Any CPU
		{71F8DAB1-0A8F-42DE-94DA-C80504E42287}.Debug|Any CPU.Build.0 = Debug|Any CPU
		{71F8DAB1-0A8F-42DE-94DA-C80504E42287}.DVD-5|Any CPU.ActiveCfg = Debug|Any CPU
		{71F8DAB1-0A8F-42DE-94DA-C80504E42287}.DVD-5|Any CPU.Build.0 = Debug|Any CPU
		{71F8DAB1-0A8F-42DE-94DA-C80504E42287}.Release|Any CPU.ActiveCfg = Release|Any CPU
		{71F8DAB1-0A8F-42DE-94DA-C80504E42287}.Release|Any CPU.Build.0 = Release|Any CPU
		{71F8DAB1-0A8F-42DE-94DA-C80504E42287}.SingleImage|Any CPU.ActiveCfg = Release|Any CPU
		{71F8DAB1-0A8F-42DE-94DA-C80504E42287}.SingleImage|Any CPU.Build.0 = Release|Any CPU
		{1E0A2F25-71BB-4C37-81F4-C9BF59E3B8B3}.CD_ROM|Any CPU.ActiveCfg = Release|Any CPU
		{1E0A2F25-71BB-4C37-81F4-C9BF59E3B8B3}.CD_ROM|Any CPU.Build.0 = Release|Any CPU
		{1E0A2F25-71BB-4C37-81F4-C9BF59E3B8B3}.Debug|Any CPU.ActiveCfg = Debug|Any CPU
		{1E0A2F25-71BB-4C37-81F4-C9BF59E3B8B3}.DVD-5|Any CPU.ActiveCfg = Debug|Any CPU
		{1E0A2F25-71BB-4C37-81F4-C9BF59E3B8B3}.DVD-5|Any CPU.Build.0 = Debug|Any CPU
		{1E0A2F25-71BB-4C37-81F4-C9BF59E3B8B3}.Release|Any CPU.ActiveCfg = Release|Any CPU
		{1E0A2F25-71BB-4C37-81F4-C9BF59E3B8B3}.Release|Any CPU.Build.0 = Release|Any CPU
		{1E0A2F25-71BB-4C37-81F4-C9BF59E3B8B3}.SingleImage|Any CPU.ActiveCfg = Release|Any CPU
		{1E0A2F25-71BB-4C37-81F4-C9BF59E3B8B3}.SingleImage|Any CPU.Build.0 = Release|Any CPU
		{E2006801-EE4A-4634-88A5-23311E315AA2}.CD_ROM|Any CPU.ActiveCfg = Release|Any CPU
		{E2006801-EE4A-4634-88A5-23311E315AA2}.CD_ROM|Any CPU.Build.0 = Release|Any CPU
		{E2006801-EE4A-4634-88A5-23311E315AA2}.Debug|Any CPU.ActiveCfg = Debug|Any CPU
		{E2006801-EE4A-4634-88A5-23311E315AA2}.DVD-5|Any CPU.ActiveCfg = Debug|Any CPU
		{E2006801-EE4A-4634-88A5-23311E315AA2}.DVD-5|Any CPU.Build.0 = Debug|Any CPU
		{E2006801-EE4A-4634-88A5-23311E315AA2}.Release|Any CPU.ActiveCfg = Release|Any CPU
		{E2006801-EE4A-4634-88A5-23311E315AA2}.Release|Any CPU.Build.0 = Release|Any CPU
		{E2006801-EE4A-4634-88A5-23311E315AA2}.SingleImage|Any CPU.ActiveCfg = Release|Any CPU
		{E2006801-EE4A-4634-88A5-23311E315AA2}.SingleImage|Any CPU.Build.0 = Release|Any CPU
		{0512CCC6-CE6A-4601-ACE9-BFD502391327}.CD_ROM|Any CPU.ActiveCfg = Release|Any CPU
		{0512CCC6-CE6A-4601-ACE9-BFD502391327}.CD_ROM|Any CPU.Build.0 = Release|Any CPU
		{0512CCC6-CE6A-4601-ACE9-BFD502391327}.Debug|Any CPU.ActiveCfg = Debug|Any CPU
		{0512CCC6-CE6A-4601-ACE9-BFD502391327}.DVD-5|Any CPU.ActiveCfg = Debug|Any CPU
		{0512CCC6-CE6A-4601-ACE9-BFD502391327}.DVD-5|Any CPU.Build.0 = Debug|Any CPU
		{0512CCC6-CE6A-4601-ACE9-BFD502391327}.Release|Any CPU.ActiveCfg = Release|Any CPU
		{0512CCC6-CE6A-4601-ACE9-BFD502391327}.Release|Any CPU.Build.0 = Release|Any CPU
		{0512CCC6-CE6A-4601-ACE9-BFD502391327}.SingleImage|Any CPU.ActiveCfg = Release|Any CPU
		{0512CCC6-CE6A-4601-ACE9-BFD502391327}.SingleImage|Any CPU.Build.0 = Release|Any CPU
		{DDAC6D0C-1621-4A04-A391-ABD9788BC1EC}.CD_ROM|Any CPU.ActiveCfg = Release|Any CPU
		{DDAC6D0C-1621-4A04-A391-ABD9788BC1EC}.CD_ROM|Any CPU.Build.0 = Release|Any CPU
		{DDAC6D0C-1621-4A04-A391-ABD9788BC1EC}.Debug|Any CPU.ActiveCfg = Debug|Any CPU
		{DDAC6D0C-1621-4A04-A391-ABD9788BC1EC}.DVD-5|Any CPU.ActiveCfg = Debug|Any CPU
		{DDAC6D0C-1621-4A04-A391-ABD9788BC1EC}.DVD-5|Any CPU.Build.0 = Debug|Any CPU
		{DDAC6D0C-1621-4A04-A391-ABD9788BC1EC}.Release|Any CPU.ActiveCfg = Release|Any CPU
		{DDAC6D0C-1621-4A04-A391-ABD9788BC1EC}.Release|Any CPU.Build.0 = Release|Any CPU
		{DDAC6D0C-1621-4A04-A391-ABD9788BC1EC}.SingleImage|Any CPU.ActiveCfg = Release|Any CPU
		{DDAC6D0C-1621-4A04-A391-ABD9788BC1EC}.SingleImage|Any CPU.Build.0 = Release|Any CPU
		{29ECDE48-9AD4-4C54-9CDD-57619A3AD872}.CD_ROM|Any CPU.ActiveCfg = Release|Any CPU
		{29ECDE48-9AD4-4C54-9CDD-57619A3AD872}.CD_ROM|Any CPU.Build.0 = Release|Any CPU
		{29ECDE48-9AD4-4C54-9CDD-57619A3AD872}.Debug|Any CPU.ActiveCfg = Debug|Any CPU
		{29ECDE48-9AD4-4C54-9CDD-57619A3AD872}.Debug|Any CPU.Build.0 = Debug|Any CPU
		{29ECDE48-9AD4-4C54-9CDD-57619A3AD872}.DVD-5|Any CPU.ActiveCfg = Debug|Any CPU
		{29ECDE48-9AD4-4C54-9CDD-57619A3AD872}.DVD-5|Any CPU.Build.0 = Debug|Any CPU
		{29ECDE48-9AD4-4C54-9CDD-57619A3AD872}.Release|Any CPU.ActiveCfg = Release|Any CPU
		{29ECDE48-9AD4-4C54-9CDD-57619A3AD872}.Release|Any CPU.Build.0 = Release|Any CPU
		{29ECDE48-9AD4-4C54-9CDD-57619A3AD872}.SingleImage|Any CPU.ActiveCfg = Release|Any CPU
		{29ECDE48-9AD4-4C54-9CDD-57619A3AD872}.SingleImage|Any CPU.Build.0 = Release|Any CPU
		{9D6DE584-C8A4-4B79-801F-37D618310561}.CD_ROM|Any CPU.ActiveCfg = Release|Any CPU
		{9D6DE584-C8A4-4B79-801F-37D618310561}.CD_ROM|Any CPU.Build.0 = Release|Any CPU
		{9D6DE584-C8A4-4B79-801F-37D618310561}.Debug|Any CPU.ActiveCfg = Debug|Any CPU
		{9D6DE584-C8A4-4B79-801F-37D618310561}.Debug|Any CPU.Build.0 = Debug|Any CPU
		{9D6DE584-C8A4-4B79-801F-37D618310561}.DVD-5|Any CPU.ActiveCfg = Debug|Any CPU
		{9D6DE584-C8A4-4B79-801F-37D618310561}.DVD-5|Any CPU.Build.0 = Debug|Any CPU
		{9D6DE584-C8A4-4B79-801F-37D618310561}.Release|Any CPU.ActiveCfg = Release|Any CPU
		{9D6DE584-C8A4-4B79-801F-37D618310561}.Release|Any CPU.Build.0 = Release|Any CPU
		{9D6DE584-C8A4-4B79-801F-37D618310561}.SingleImage|Any CPU.ActiveCfg = Release|Any CPU
		{9D6DE584-C8A4-4B79-801F-37D618310561}.SingleImage|Any CPU.Build.0 = Release|Any CPU
		{68CB6A50-C7C6-4654-B432-A166BF26AC78}.CD_ROM|Any CPU.ActiveCfg = Release|Any CPU
		{68CB6A50-C7C6-4654-B432-A166BF26AC78}.CD_ROM|Any CPU.Build.0 = Release|Any CPU
		{68CB6A50-C7C6-4654-B432-A166BF26AC78}.Debug|Any CPU.ActiveCfg = Debug|Any CPU
		{68CB6A50-C7C6-4654-B432-A166BF26AC78}.Debug|Any CPU.Build.0 = Debug|Any CPU
		{68CB6A50-C7C6-4654-B432-A166BF26AC78}.DVD-5|Any CPU.ActiveCfg = Debug|Any CPU
		{68CB6A50-C7C6-4654-B432-A166BF26AC78}.DVD-5|Any CPU.Build.0 = Debug|Any CPU
		{68CB6A50-C7C6-4654-B432-A166BF26AC78}.Release|Any CPU.ActiveCfg = Release|Any CPU
		{68CB6A50-C7C6-4654-B432-A166BF26AC78}.Release|Any CPU.Build.0 = Release|Any CPU
		{68CB6A50-C7C6-4654-B432-A166BF26AC78}.SingleImage|Any CPU.ActiveCfg = Release|Any CPU
		{68CB6A50-C7C6-4654-B432-A166BF26AC78}.SingleImage|Any CPU.Build.0 = Release|Any CPU
		{084FBC7D-06D8-46F8-BF39-BCFA83C349BB}.CD_ROM|Any CPU.ActiveCfg = Debug|Any CPU
		{084FBC7D-06D8-46F8-BF39-BCFA83C349BB}.CD_ROM|Any CPU.Build.0 = Debug|Any CPU
		{084FBC7D-06D8-46F8-BF39-BCFA83C349BB}.Debug|Any CPU.ActiveCfg = Debug|Any CPU
		{084FBC7D-06D8-46F8-BF39-BCFA83C349BB}.Debug|Any CPU.Build.0 = Debug|Any CPU
		{084FBC7D-06D8-46F8-BF39-BCFA83C349BB}.DVD-5|Any CPU.ActiveCfg = Debug|Any CPU
		{084FBC7D-06D8-46F8-BF39-BCFA83C349BB}.DVD-5|Any CPU.Build.0 = Debug|Any CPU
		{084FBC7D-06D8-46F8-BF39-BCFA83C349BB}.Release|Any CPU.ActiveCfg = Release|Any CPU
		{084FBC7D-06D8-46F8-BF39-BCFA83C349BB}.Release|Any CPU.Build.0 = Release|Any CPU
		{084FBC7D-06D8-46F8-BF39-BCFA83C349BB}.SingleImage|Any CPU.ActiveCfg = Debug|Any CPU
		{084FBC7D-06D8-46F8-BF39-BCFA83C349BB}.SingleImage|Any CPU.Build.0 = Debug|Any CPU
		{75ED637B-1EC5-4F07-A4A0-E23F66695EAA}.CD_ROM|Any CPU.ActiveCfg = Debug|Any CPU
		{75ED637B-1EC5-4F07-A4A0-E23F66695EAA}.CD_ROM|Any CPU.Build.0 = Debug|Any CPU
		{75ED637B-1EC5-4F07-A4A0-E23F66695EAA}.Debug|Any CPU.ActiveCfg = Debug|Any CPU
		{75ED637B-1EC5-4F07-A4A0-E23F66695EAA}.Debug|Any CPU.Build.0 = Debug|Any CPU
		{75ED637B-1EC5-4F07-A4A0-E23F66695EAA}.DVD-5|Any CPU.ActiveCfg = Debug|Any CPU
		{75ED637B-1EC5-4F07-A4A0-E23F66695EAA}.DVD-5|Any CPU.Build.0 = Debug|Any CPU
		{75ED637B-1EC5-4F07-A4A0-E23F66695EAA}.Release|Any CPU.ActiveCfg = Release|Any CPU
		{75ED637B-1EC5-4F07-A4A0-E23F66695EAA}.Release|Any CPU.Build.0 = Release|Any CPU
		{75ED637B-1EC5-4F07-A4A0-E23F66695EAA}.SingleImage|Any CPU.ActiveCfg = Debug|Any CPU
		{75ED637B-1EC5-4F07-A4A0-E23F66695EAA}.SingleImage|Any CPU.Build.0 = Debug|Any CPU
		{4B8D5E8A-57B3-4D11-8E3B-4609F276477D}.CD_ROM|Any CPU.ActiveCfg = Debug|Any CPU
		{4B8D5E8A-57B3-4D11-8E3B-4609F276477D}.CD_ROM|Any CPU.Build.0 = Debug|Any CPU
		{4B8D5E8A-57B3-4D11-8E3B-4609F276477D}.Debug|Any CPU.ActiveCfg = Debug|Any CPU
		{4B8D5E8A-57B3-4D11-8E3B-4609F276477D}.Debug|Any CPU.Build.0 = Debug|Any CPU
		{4B8D5E8A-57B3-4D11-8E3B-4609F276477D}.DVD-5|Any CPU.ActiveCfg = Debug|Any CPU
		{4B8D5E8A-57B3-4D11-8E3B-4609F276477D}.DVD-5|Any CPU.Build.0 = Debug|Any CPU
		{4B8D5E8A-57B3-4D11-8E3B-4609F276477D}.Release|Any CPU.ActiveCfg = Release|Any CPU
		{4B8D5E8A-57B3-4D11-8E3B-4609F276477D}.Release|Any CPU.Build.0 = Release|Any CPU
		{4B8D5E8A-57B3-4D11-8E3B-4609F276477D}.SingleImage|Any CPU.ActiveCfg = Debug|Any CPU
		{4B8D5E8A-57B3-4D11-8E3B-4609F276477D}.SingleImage|Any CPU.Build.0 = Debug|Any CPU
		{F23139DC-ABEB-4553-B9BE-3F8E1C441895}.CD_ROM|Any CPU.ActiveCfg = Debug|Any CPU
		{F23139DC-ABEB-4553-B9BE-3F8E1C441895}.CD_ROM|Any CPU.Build.0 = Debug|Any CPU
		{F23139DC-ABEB-4553-B9BE-3F8E1C441895}.Debug|Any CPU.ActiveCfg = Debug|Any CPU
		{F23139DC-ABEB-4553-B9BE-3F8E1C441895}.Debug|Any CPU.Build.0 = Debug|Any CPU
		{F23139DC-ABEB-4553-B9BE-3F8E1C441895}.DVD-5|Any CPU.ActiveCfg = Debug|Any CPU
		{F23139DC-ABEB-4553-B9BE-3F8E1C441895}.DVD-5|Any CPU.Build.0 = Debug|Any CPU
		{F23139DC-ABEB-4553-B9BE-3F8E1C441895}.Release|Any CPU.ActiveCfg = Release|Any CPU
		{F23139DC-ABEB-4553-B9BE-3F8E1C441895}.Release|Any CPU.Build.0 = Release|Any CPU
		{F23139DC-ABEB-4553-B9BE-3F8E1C441895}.SingleImage|Any CPU.ActiveCfg = Debug|Any CPU
		{F23139DC-ABEB-4553-B9BE-3F8E1C441895}.SingleImage|Any CPU.Build.0 = Debug|Any CPU
		{A5727F8E-5C8B-423B-B990-1612FCDC145D}.CD_ROM|Any CPU.ActiveCfg = Debug|Any CPU
		{A5727F8E-5C8B-423B-B990-1612FCDC145D}.CD_ROM|Any CPU.Build.0 = Debug|Any CPU
		{A5727F8E-5C8B-423B-B990-1612FCDC145D}.Debug|Any CPU.ActiveCfg = Debug|Any CPU
		{A5727F8E-5C8B-423B-B990-1612FCDC145D}.Debug|Any CPU.Build.0 = Debug|Any CPU
		{A5727F8E-5C8B-423B-B990-1612FCDC145D}.DVD-5|Any CPU.ActiveCfg = Debug|Any CPU
		{A5727F8E-5C8B-423B-B990-1612FCDC145D}.DVD-5|Any CPU.Build.0 = Debug|Any CPU
		{A5727F8E-5C8B-423B-B990-1612FCDC145D}.Release|Any CPU.ActiveCfg = Release|Any CPU
		{A5727F8E-5C8B-423B-B990-1612FCDC145D}.Release|Any CPU.Build.0 = Release|Any CPU
		{A5727F8E-5C8B-423B-B990-1612FCDC145D}.SingleImage|Any CPU.ActiveCfg = Debug|Any CPU
		{A5727F8E-5C8B-423B-B990-1612FCDC145D}.SingleImage|Any CPU.Build.0 = Debug|Any CPU
		{DA8E3716-426B-4220-89E3-6FB65EB5F62B}.CD_ROM|Any CPU.ActiveCfg = Debug|Any CPU
		{DA8E3716-426B-4220-89E3-6FB65EB5F62B}.CD_ROM|Any CPU.Build.0 = Debug|Any CPU
		{DA8E3716-426B-4220-89E3-6FB65EB5F62B}.Debug|Any CPU.ActiveCfg = Debug|Any CPU
		{DA8E3716-426B-4220-89E3-6FB65EB5F62B}.Debug|Any CPU.Build.0 = Debug|Any CPU
		{DA8E3716-426B-4220-89E3-6FB65EB5F62B}.DVD-5|Any CPU.ActiveCfg = Debug|Any CPU
		{DA8E3716-426B-4220-89E3-6FB65EB5F62B}.DVD-5|Any CPU.Build.0 = Debug|Any CPU
		{DA8E3716-426B-4220-89E3-6FB65EB5F62B}.Release|Any CPU.ActiveCfg = Release|Any CPU
		{DA8E3716-426B-4220-89E3-6FB65EB5F62B}.Release|Any CPU.Build.0 = Release|Any CPU
		{DA8E3716-426B-4220-89E3-6FB65EB5F62B}.SingleImage|Any CPU.ActiveCfg = Debug|Any CPU
		{DA8E3716-426B-4220-89E3-6FB65EB5F62B}.SingleImage|Any CPU.Build.0 = Debug|Any CPU
		{1FA358D8-0544-4F8B-B459-261FBF977CBB}.CD_ROM|Any CPU.ActiveCfg = Debug|Any CPU
		{1FA358D8-0544-4F8B-B459-261FBF977CBB}.CD_ROM|Any CPU.Build.0 = Debug|Any CPU
		{1FA358D8-0544-4F8B-B459-261FBF977CBB}.Debug|Any CPU.ActiveCfg = Debug|Any CPU
		{1FA358D8-0544-4F8B-B459-261FBF977CBB}.Debug|Any CPU.Build.0 = Debug|Any CPU
		{1FA358D8-0544-4F8B-B459-261FBF977CBB}.DVD-5|Any CPU.ActiveCfg = Debug|Any CPU
		{1FA358D8-0544-4F8B-B459-261FBF977CBB}.DVD-5|Any CPU.Build.0 = Debug|Any CPU
		{1FA358D8-0544-4F8B-B459-261FBF977CBB}.Release|Any CPU.ActiveCfg = Release|Any CPU
		{1FA358D8-0544-4F8B-B459-261FBF977CBB}.Release|Any CPU.Build.0 = Release|Any CPU
		{1FA358D8-0544-4F8B-B459-261FBF977CBB}.SingleImage|Any CPU.ActiveCfg = Debug|Any CPU
		{1FA358D8-0544-4F8B-B459-261FBF977CBB}.SingleImage|Any CPU.Build.0 = Debug|Any CPU
		{D1A2AE43-43CE-4296-9E86-D9C767772B4D}.CD_ROM|Any CPU.ActiveCfg = Release|Any CPU
		{D1A2AE43-43CE-4296-9E86-D9C767772B4D}.CD_ROM|Any CPU.Build.0 = Release|Any CPU
		{D1A2AE43-43CE-4296-9E86-D9C767772B4D}.Debug|Any CPU.ActiveCfg = Debug|Any CPU
		{D1A2AE43-43CE-4296-9E86-D9C767772B4D}.Debug|Any CPU.Build.0 = Debug|Any CPU
		{D1A2AE43-43CE-4296-9E86-D9C767772B4D}.DVD-5|Any CPU.ActiveCfg = Release|Any CPU
		{D1A2AE43-43CE-4296-9E86-D9C767772B4D}.DVD-5|Any CPU.Build.0 = Release|Any CPU
		{D1A2AE43-43CE-4296-9E86-D9C767772B4D}.Release|Any CPU.ActiveCfg = Release|Any CPU
		{D1A2AE43-43CE-4296-9E86-D9C767772B4D}.Release|Any CPU.Build.0 = Release|Any CPU
		{D1A2AE43-43CE-4296-9E86-D9C767772B4D}.SingleImage|Any CPU.ActiveCfg = Release|Any CPU
		{D1A2AE43-43CE-4296-9E86-D9C767772B4D}.SingleImage|Any CPU.Build.0 = Release|Any CPU
		{445DA1CA-CC34-46A9-A91C-848C12806637}.CD_ROM|Any CPU.ActiveCfg = Release|Any CPU
		{445DA1CA-CC34-46A9-A91C-848C12806637}.CD_ROM|Any CPU.Build.0 = Release|Any CPU
		{445DA1CA-CC34-46A9-A91C-848C12806637}.Debug|Any CPU.ActiveCfg = Debug|Any CPU
		{445DA1CA-CC34-46A9-A91C-848C12806637}.Debug|Any CPU.Build.0 = Debug|Any CPU
		{445DA1CA-CC34-46A9-A91C-848C12806637}.DVD-5|Any CPU.ActiveCfg = Release|Any CPU
		{445DA1CA-CC34-46A9-A91C-848C12806637}.DVD-5|Any CPU.Build.0 = Release|Any CPU
		{445DA1CA-CC34-46A9-A91C-848C12806637}.Release|Any CPU.ActiveCfg = Release|Any CPU
		{445DA1CA-CC34-46A9-A91C-848C12806637}.Release|Any CPU.Build.0 = Release|Any CPU
		{445DA1CA-CC34-46A9-A91C-848C12806637}.SingleImage|Any CPU.ActiveCfg = Release|Any CPU
		{445DA1CA-CC34-46A9-A91C-848C12806637}.SingleImage|Any CPU.Build.0 = Release|Any CPU
		{1F47036E-3F5D-4344-8A88-E6AB0D86247A}.CD_ROM|Any CPU.ActiveCfg = Release|Any CPU
		{1F47036E-3F5D-4344-8A88-E6AB0D86247A}.CD_ROM|Any CPU.Build.0 = Release|Any CPU
		{1F47036E-3F5D-4344-8A88-E6AB0D86247A}.Debug|Any CPU.ActiveCfg = Debug|Any CPU
		{1F47036E-3F5D-4344-8A88-E6AB0D86247A}.Debug|Any CPU.Build.0 = Debug|Any CPU
		{1F47036E-3F5D-4344-8A88-E6AB0D86247A}.DVD-5|Any CPU.ActiveCfg = Release|Any CPU
		{1F47036E-3F5D-4344-8A88-E6AB0D86247A}.DVD-5|Any CPU.Build.0 = Release|Any CPU
		{1F47036E-3F5D-4344-8A88-E6AB0D86247A}.Release|Any CPU.ActiveCfg = Release|Any CPU
		{1F47036E-3F5D-4344-8A88-E6AB0D86247A}.Release|Any CPU.Build.0 = Release|Any CPU
		{1F47036E-3F5D-4344-8A88-E6AB0D86247A}.SingleImage|Any CPU.ActiveCfg = Release|Any CPU
		{1F47036E-3F5D-4344-8A88-E6AB0D86247A}.SingleImage|Any CPU.Build.0 = Release|Any CPU
		{C0BE246F-3007-4F83-997C-EB1BF004F86D}.CD_ROM|Any CPU.ActiveCfg = Release|Any CPU
		{C0BE246F-3007-4F83-997C-EB1BF004F86D}.CD_ROM|Any CPU.Build.0 = Release|Any CPU
		{C0BE246F-3007-4F83-997C-EB1BF004F86D}.Debug|Any CPU.ActiveCfg = Debug|Any CPU
		{C0BE246F-3007-4F83-997C-EB1BF004F86D}.Debug|Any CPU.Build.0 = Debug|Any CPU
		{C0BE246F-3007-4F83-997C-EB1BF004F86D}.DVD-5|Any CPU.ActiveCfg = Release|Any CPU
		{C0BE246F-3007-4F83-997C-EB1BF004F86D}.DVD-5|Any CPU.Build.0 = Release|Any CPU
		{C0BE246F-3007-4F83-997C-EB1BF004F86D}.Release|Any CPU.ActiveCfg = Release|Any CPU
		{C0BE246F-3007-4F83-997C-EB1BF004F86D}.Release|Any CPU.Build.0 = Release|Any CPU
		{C0BE246F-3007-4F83-997C-EB1BF004F86D}.SingleImage|Any CPU.ActiveCfg = Release|Any CPU
		{C0BE246F-3007-4F83-997C-EB1BF004F86D}.SingleImage|Any CPU.Build.0 = Release|Any CPU
		{52AB648A-2E0F-4A84-AC5D-0EDF2FB160AB}.CD_ROM|Any CPU.ActiveCfg = Release|Any CPU
		{52AB648A-2E0F-4A84-AC5D-0EDF2FB160AB}.CD_ROM|Any CPU.Build.0 = Release|Any CPU
		{52AB648A-2E0F-4A84-AC5D-0EDF2FB160AB}.Debug|Any CPU.ActiveCfg = Debug|Any CPU
		{52AB648A-2E0F-4A84-AC5D-0EDF2FB160AB}.Debug|Any CPU.Build.0 = Debug|Any CPU
		{52AB648A-2E0F-4A84-AC5D-0EDF2FB160AB}.DVD-5|Any CPU.ActiveCfg = Release|Any CPU
		{52AB648A-2E0F-4A84-AC5D-0EDF2FB160AB}.DVD-5|Any CPU.Build.0 = Release|Any CPU
		{52AB648A-2E0F-4A84-AC5D-0EDF2FB160AB}.Release|Any CPU.ActiveCfg = Release|Any CPU
		{52AB648A-2E0F-4A84-AC5D-0EDF2FB160AB}.Release|Any CPU.Build.0 = Release|Any CPU
		{52AB648A-2E0F-4A84-AC5D-0EDF2FB160AB}.SingleImage|Any CPU.ActiveCfg = Release|Any CPU
		{52AB648A-2E0F-4A84-AC5D-0EDF2FB160AB}.SingleImage|Any CPU.Build.0 = Release|Any CPU
		{226E984B-8337-46FF-A923-D0D0230E7E78}.CD_ROM|Any CPU.ActiveCfg = Release|Any CPU
		{226E984B-8337-46FF-A923-D0D0230E7E78}.CD_ROM|Any CPU.Build.0 = Release|Any CPU
		{226E984B-8337-46FF-A923-D0D0230E7E78}.Debug|Any CPU.ActiveCfg = Debug|Any CPU
		{226E984B-8337-46FF-A923-D0D0230E7E78}.Debug|Any CPU.Build.0 = Debug|Any CPU
		{226E984B-8337-46FF-A923-D0D0230E7E78}.DVD-5|Any CPU.ActiveCfg = Release|Any CPU
		{226E984B-8337-46FF-A923-D0D0230E7E78}.DVD-5|Any CPU.Build.0 = Release|Any CPU
		{226E984B-8337-46FF-A923-D0D0230E7E78}.Release|Any CPU.ActiveCfg = Release|Any CPU
		{226E984B-8337-46FF-A923-D0D0230E7E78}.Release|Any CPU.Build.0 = Release|Any CPU
		{226E984B-8337-46FF-A923-D0D0230E7E78}.SingleImage|Any CPU.ActiveCfg = Release|Any CPU
		{226E984B-8337-46FF-A923-D0D0230E7E78}.SingleImage|Any CPU.Build.0 = Release|Any CPU
		{3C892E10-1F2B-46E5-AF68-9E9C2B10E4A0}.CD_ROM|Any CPU.ActiveCfg = Release|Any CPU
		{3C892E10-1F2B-46E5-AF68-9E9C2B10E4A0}.CD_ROM|Any CPU.Build.0 = Release|Any CPU
		{3C892E10-1F2B-46E5-AF68-9E9C2B10E4A0}.Debug|Any CPU.ActiveCfg = Debug|Any CPU
		{3C892E10-1F2B-46E5-AF68-9E9C2B10E4A0}.Debug|Any CPU.Build.0 = Debug|Any CPU
		{3C892E10-1F2B-46E5-AF68-9E9C2B10E4A0}.DVD-5|Any CPU.ActiveCfg = Release|Any CPU
		{3C892E10-1F2B-46E5-AF68-9E9C2B10E4A0}.DVD-5|Any CPU.Build.0 = Release|Any CPU
		{3C892E10-1F2B-46E5-AF68-9E9C2B10E4A0}.Release|Any CPU.ActiveCfg = Release|Any CPU
		{3C892E10-1F2B-46E5-AF68-9E9C2B10E4A0}.Release|Any CPU.Build.0 = Release|Any CPU
		{3C892E10-1F2B-46E5-AF68-9E9C2B10E4A0}.SingleImage|Any CPU.ActiveCfg = Release|Any CPU
		{3C892E10-1F2B-46E5-AF68-9E9C2B10E4A0}.SingleImage|Any CPU.Build.0 = Release|Any CPU
		{8E4C2A91-5D37-4B6F-A0C8-3F19D72B6E54}.CD_ROM|Any CPU.ActiveCfg = Release|Any CPU
		{8E4C2A91-5D37-4B6F-A0C8-3F19D72B6E54}.CD_ROM|Any CPU.Build.0 = Release|Any CPU
		{8E4C2A91-5D37-4B6F-A0C8-3F19D72B6E54}.Debug|Any CPU.ActiveCfg = Debug|Any CPU
		{8E4C2A91-5D37-4B6F-A0C8-3F19D72B6E54}.Debug|Any CPU.Build.0 = Debug|Any CPU
		{8E4C2A91-5D37-4B6F-A0C8-3F19D72B6E54}.DVD-5|Any CPU.ActiveCfg = Release|Any CPU
		{8E4C2A91-5D37-4B6F-A0C8-3F19D72B6E54}.DVD-5|Any CPU.Build.0 = Release|Any CPU
		{8E4C2A91-5D37-4B6F-A0C8-3F19D72B6E54}.Release|Any CPU.ActiveCfg = Release|Any CPU
		{8E4C2A91-5D37-4B6F-A0C8-3F19D72B6E54}.Release|Any CPU.Build.0 = Release|Any CPU
		{8E4C2A91-5D37-4B6F-A0C8-3F19D72B6E54}.SingleImage|Any CPU.ActiveCfg = Release|Any CPU
		{8E4C2A91-5D37-4B6F-A0C8-3F19D72B6E54}.SingleImage|Any CPU.Build.0 = Release|Any CPU
	EndGlobalSection
	GlobalSection(SolutionProperties) = preSolution
		HideSolutionNode = FALSE
	EndGlobalSection
	GlobalSection(ExtensibilityGlobals) = postSolution
		SolutionGuid = {96D7A439-EBB9-442E-8F7C-9EC6A4884C28}
	EndGlobalSection
EndGlobal
